# generated by rye
# use `rye lock` or `rye sync` to update this lockfile
#
# last locked with the following flags:
#   pre: false
#   features: []
#   all-features: false
#   with-sources: false

-e file:.
accelerate==0.28.0
    # via pyai
anyio==4.3.0
    # via httpx
    # via openai
certifi==2024.2.2
    # via httpcore
    # via httpx
    # via requests
charset-normalizer==3.3.2
    # via requests
colorama==0.4.6
    # via tqdm
distro==1.9.0
    # via openai
filelock==3.13.1
    # via huggingface-hub
    # via torch
    # via transformers
fsspec==2024.3.0
    # via huggingface-hub
    # via torch
h11==0.14.0
    # via httpcore
httpcore==1.0.4
    # via httpx
httpx==0.27.0
    # via openai
huggingface-hub==0.21.4
    # via accelerate
    # via tokenizers
    # via transformers
idna==3.6
    # via anyio
    # via httpx
    # via requests
jinja2==3.1.3
    # via torch
markupsafe==2.1.5
    # via jinja2
marqo==3.2.1
    # via pyai
mpmath==1.3.0
    # via sympy
networkx==3.2.1
    # via torch
numpy==1.26.4
    # via accelerate
    # via transformers
openai==1.13.3
    # via pyai
packaging==24.0
    # via accelerate
    # via huggingface-hub
    # via marqo
    # via transformers
psutil==5.9.8
    # via accelerate
pydantic==1.10.15
    # via marqo
    # via openai
python-dotenv==1.0.1
    # via pyai
pyyaml==6.0.1
    # via accelerate
    # via huggingface-hub
    # via transformers
regex==2023.12.25
    # via transformers
requests==2.31.0
    # via huggingface-hub
    # via marqo
    # via transformers
safetensors==0.4.2
    # via accelerate
    # via transformers
sniffio==1.3.1
    # via anyio
    # via httpx
    # via openai
sympy==1.12
    # via torch
tokenizers==0.15.2
    # via transformers
torch==2.2.1
    # via accelerate
    # via pyai
tqdm==4.66.2
    # via huggingface-hub
    # via openai
    # via transformers
transformers==4.38.2
    # via pyai
typing-extensions==4.10.0
    # via huggingface-hub
    # via marqo
    # via openai
    # via pydantic
    # via torch
urllib3==1.26.18
    # via marqo
    # via requests
